
Microsoft Visual Studio Solution File, Format Version 12.00
# Visual Studio 14
VisualStudioVersion = 14.0.23107.0
MinimumVisualStudioVersion = 10.0.40219.1
Project("{FAE04EC0-301F-11D3-BF4B-00C04F79EFBC}") = "testSortings", "testSortings\testSortings.csproj", "{A33858C3-A2CF-405B-BD4C-61F59CA3FECC}"
EndProject
Global
	GlobalSection(SolutionConfigurationPlatforms) = preSolution
		Debug|Any CPU = Debug|Any CPU
		Release|Any CPU = Release|Any CPU
	EndGlobalSection
	GlobalSection(ProjectConfigurationPlatforms) = postSolution
		{A33858C3-A2CF-405B-BD4C-61F59CA3FECC}.Debug|Any CPU.ActiveCfg = Debug|Any CPU
		{A33858C3-A2CF-405B-BD4C-61F59CA3FECC}.Debug|Any CPU.Build.0 = Debug|Any CPU
		{A33858C3-A2CF-405B-BD4C-61F59CA3FECC}.Release|Any CPU.ActiveCfg = Release|Any CPU
		{A33858C3-A2CF-405B-BD4C-61F59CA3FECC}.Release|Any CPU.Build.0 = Release|Any CPU
	EndGlobalSection
	GlobalSection(SolutionProperties) = preSolution
		HideSolutionNode = FALSE
	EndGlobalSection
EndGlobal
